
Microsoft Visual Studio Solution File, Format Version 12.00
Project("{FAE04EC0-301F-11D3-BF4B-00C04F79EFBC}") = "MarkdownRemove", "MarkdownRemove\MarkdownRemove.csproj", "{6E225361-64F5-4538-AAC7-544DB5FAFCCF}"
EndProject
Project("{FAE04EC0-301F-11D3-BF4B-00C04F79EFBC}") = "MarkdownRemove.Tests", "MarkdownRemove.Tests\MarkdownRemove.Tests.csproj", "{DC82E1DE-3D35-4166-9B46-962010AE55F2}"
EndProject
Global
	GlobalSection(SolutionConfigurationPlatforms) = preSolution
		Debug|Any CPU = Debug|Any CPU
		Release|Any CPU = Release|Any CPU
	EndGlobalSection
	GlobalSection(ProjectConfigurationPlatforms) = postSolution
		{6E225361-64F5-4538-AAC7-544DB5FAFCCF}.Debug|Any CPU.ActiveCfg = Debug|Any CPU
		{6E225361-64F5-4538-AAC7-544DB5FAFCCF}.Debug|Any CPU.Build.0 = Debug|Any CPU
		{6E225361-64F5-4538-AAC7-544DB5FAFCCF}.Release|Any CPU.ActiveCfg = Release|Any CPU
		{6E225361-64F5-4538-AAC7-544DB5FAFCCF}.Release|Any CPU.Build.0 = Release|Any CPU
		{DC82E1DE-3D35-4166-9B46-962010AE55F2}.Debug|Any CPU.ActiveCfg = Debug|Any CPU
		{DC82E1DE-3D35-4166-9B46-962010AE55F2}.Debug|Any CPU.Build.0 = Debug|Any CPU
		{DC82E1DE-3D35-4166-9B46-962010AE55F2}.Release|Any CPU.ActiveCfg = Release|Any CPU
		{DC82E1DE-3D35-4166-9B46-962010AE55F2}.Release|Any CPU.Build.0 = Release|Any CPU
	EndGlobalSection
EndGlobal
